PODS:
  - KyuGenericExtensions (1.0.2)

DEPENDENCIES:
  - KyuGenericExtensions (from `../`)

EXTERNAL SOURCES:
  KyuGenericExtensions:
    :path: "../"

SPEC CHECKSUMS:
  KyuGenericExtensions: 0279613a9d0d3e28a1d808c7e633c8e40347b88b

PODFILE CHECKSUM: 005ee30fd5ebd7e9f7221aea92b88de4b4df54f3

COCOAPODS: 1.9.3
